
Microsoft Visual Studio Solution File, Format Version 12.00
# Visual Studio 15
VisualStudioVersion = 15.0.28010.2026
MinimumVisualStudioVersion = 10.0.40219.1
Project("{E24C65DC-7377-472B-9ABA-BC803B73C61A}") = "js_helloCanvas", "js_helloCanvas\", "{597A3510-F68A-4ED3-A72F-89E9D87DD6E1}"
	ProjectSection(WebsiteProperties) = preProject
		TargetFrameworkMoniker = ".NETFramework,Version%3Dv4.6.1"
		Debug.AspNetCompiler.VirtualPath = "/localhost_56262"
		Debug.AspNetCompiler.PhysicalPath = "js_helloCanvas\"
		Debug.AspNetCompiler.TargetPath = "PrecompiledWeb\localhost_56262\"
		Debug.AspNetCompiler.Updateable = "true"
		Debug.AspNetCompiler.ForceOverwrite = "true"
		Debug.AspNetCompiler.FixedNames = "false"
		Debug.AspNetCompiler.Debug = "True"
		Release.AspNetCompiler.VirtualPath = "/localhost_56262"
		Release.AspNetCompiler.PhysicalPath = "js_helloCanvas\"
		Release.AspNetCompiler.TargetPath = "PrecompiledWeb\localhost_56262\"
		Release.AspNetCompiler.Updateable = "true"
		Release.AspNetCompiler.ForceOverwrite = "true"
		Release.AspNetCompiler.FixedNames = "false"
		Release.AspNetCompiler.Debug = "False"
		VWDPort = "56262"
		SlnRelativePath = "js_helloCanvas\"
		DefaultWebSiteLanguage = "Visual C#"
	EndProjectSection
EndProject
Global
	GlobalSection(SolutionConfigurationPlatforms) = preSolution
		Debug|Any CPU = Debug|Any CPU
	EndGlobalSection
	GlobalSection(ProjectConfigurationPlatforms) = postSolution
		{597A3510-F68A-4ED3-A72F-89E9D87DD6E1}.Debug|Any CPU.ActiveCfg = Debug|Any CPU
		{597A3510-F68A-4ED3-A72F-89E9D87DD6E1}.Debug|Any CPU.Build.0 = Debug|Any CPU
	EndGlobalSection
	GlobalSection(SolutionProperties) = preSolution
		HideSolutionNode = FALSE
	EndGlobalSection
	GlobalSection(ExtensibilityGlobals) = postSolution
		SolutionGuid = {4D4F275D-AD5A-421F-87A6-66BE160E660C}
	EndGlobalSection
EndGlobal
